// !$*UTF8*$!
{
	archiveVersion = 1;
	classes = {
	};
	objectVersion = 46;
	objects = {

/* Begin PBXBuildFile section */
		C57C0C111FCBB3A70072EF74 /* main.m in Sources */ = {isa = PBXBuildFile; fileRef = C57C0C101FCBB3A70072EF74 /* main.m */; };
		C57C0C141FCBB3A70072EF74 /* AppDelegate.m in Sources */ = {isa = PBXBuildFile; fileRef = C57C0C131FCBB3A70072EF74 /* AppDelegate.m */; };
		C57C0C171FCBB3A70072EF74 /* ViewController.m in Sources */ = {isa = PBXBuildFile; fileRef = C57C0C161FCBB3A70072EF74 /* ViewController.m */; };
		C57C0C1A1FCBB3A70072EF74 /* Main.storyboard in Resources */ = {isa = PBXBuildFile; fileRef = C57C0C181FCBB3A70072EF74 /* Main.storyboard */; };
		C57C0C1C1FCBB3A70072EF74 /* Assets.xcassets in Resources */ = {isa = PBXBuildFile; fileRef = C57C0C1B1FCBB3A70072EF74 /* Assets.xcassets */; };
		C57C0C1F1FCBB3A70072EF74 /* LaunchScreen.storyboard in Resources */ = {isa = PBXBuildFile; fileRef = C57C0C1D1FCBB3A70072EF74 /* LaunchScreen.storyboard */; };
		C57C0C2A1FCBB3A70072EF74 /* DateTimeHelperTests.m in Sources */ = {isa = PBXBuildFile; fileRef = C57C0C291FCBB3A70072EF74 /* DateTimeHelperTests.m */; };
		C57C0C351FCBB3A70072EF74 /* DateTimeHelperUITests.m in Sources */ = {isa = PBXBuildFile; fileRef = C57C0C341FCBB3A70072EF74 /* DateTimeHelperUITests.m */; };
		C57C0C451FCBB3C00072EF74 /* DateTimeHelper.m in Sources */ = {isa = PBXBuildFile; fileRef = C57C0C441FCBB3C00072EF74 /* DateTimeHelper.m */; };
/* End PBXBuildFile section */

/* Begin PBXContainerItemProxy section */
		C57C0C261FCBB3A70072EF74 /* PBXContainerItemProxy */ = {
			isa = PBXContainerItemProxy;
			containerPortal = C57C0C041FCBB3A70072EF74 /* Project object */;
			proxyType = 1;
			remoteGlobalIDString = C57C0C0B1FCBB3A70072EF74;
			remoteInfo = DateTimeHelper;
		};
		C57C0C311FCBB3A70072EF74 /* PBXContainerItemProxy */ = {
			isa = PBXContainerItemProxy;
			containerPortal = C57C0C041FCBB3A70072EF74 /* Project object */;
			proxyType = 1;
			remoteGlobalIDString = C57C0C0B1FCBB3A70072EF74;
			remoteInfo = DateTimeHelper;
		};
/* End PBXContainerItemProxy section */

/* Begin PBXFileReference section */
		C57C0C0C1FCBB3A70072EF74 /* DateTimeHelper.app */ = {isa = PBXFileReference; explicitFileType = wrapper.application; includeInIndex = 0; path = DateTimeHelper.app; sourceTree = BUILT_PRODUCTS_DIR; };
		C57C0C101FCBB3A70072EF74 /* main.m */ = {isa = PBXFileReference; lastKnownFileType = sourcecode.c.objc; path = main.m; sourceTree = "<group>"; };
		C57C0C121FCBB3A70072EF74 /* AppDelegate.h */ = {isa = PBXFileReference; lastKnownFileType = sourcecode.c.h; path = AppDelegate.h; sourceTree = "<group>"; };
		C57C0C131FCBB3A70072EF74 /* AppDelegate.m */ = {isa = PBXFileReference; lastKnownFileType = sourcecode.c.objc; path = AppDelegate.m; sourceTree = "<group>"; };
		C57C0C151FCBB3A70072EF74 /* ViewController.h */ = {isa = PBXFileReference; lastKnownFileType = sourcecode.c.h; path = ViewController.h; sourceTree = "<group>"; };
		C57C0C161FCBB3A70072EF74 /* ViewController.m */ = {isa = PBXFileReference; lastKnownFileType = sourcecode.c.objc; path = ViewController.m; sourceTree = "<group>"; };
		C57C0C191FCBB3A70072EF74 /* Base */ = {isa = PBXFileReference; lastKnownFileType = file.storyboard; name = Base; path = Base.lproj/Main.storyboard; sourceTree = "<group>"; };
		C57C0C1B1FCBB3A70072EF74 /* Assets.xcassets */ = {isa = PBXFileReference; lastKnownFileType = folder.assetcatalog; path = Assets.xcassets; sourceTree = "<group>"; };
		C57C0C1E1FCBB3A70072EF74 /* Base */ = {isa = PBXFileReference; lastKnownFileType = file.storyboard; name = Base; path = Base.lproj/LaunchScreen.storyboard; sourceTree = "<group>"; };
		C57C0C201FCBB3A70072EF74 /* Info.plist */ = {isa = PBXFileReference; lastKnownFileType = text.plist.xml; path = Info.plist; sourceTree = "<group>"; };
		C57C0C251FCBB3A70072EF74 /* DateTimeHelperTests.xctest */ = {isa = PBXFileReference; explicitFileType = wrapper.cfbundle; includeInIndex = 0; path = DateTimeHelperTests.xctest; sourceTree = BUILT_PRODUCTS_DIR; };
		C57C0C291FCBB3A70072EF74 /* DateTimeHelperTests.m */ = {isa = PBXFileReference; lastKnownFileType = sourcecode.c.objc; path = DateTimeHelperTests.m; sourceTree = "<group>"; };
		C57C0C2B1FCBB3A70072EF74 /* Info.plist */ = {isa = PBXFileReference; lastKnownFileType = text.plist.xml; path = Info.plist; sourceTree = "<group>"; };
		C57C0C301FCBB3A70072EF74 /* DateTimeHelperUITests.xctest */ = {isa = PBXFileReference; explicitFileType = wrapper.cfbundle; includeInIndex = 0; path = DateTimeHelperUITests.xctest; sourceTree = BUILT_PRODUCTS_DIR; };
		C57C0C341FCBB3A70072EF74 /* DateTimeHelperUITests.m */ = {isa = PBXFileReference; lastKnownFileType = sourcecode.c.objc; path = DateTimeHelperUITests.m; sourceTree = "<group>"; };
		C57C0C361FCBB3A70072EF74 /* Info.plist */ = {isa = PBXFileReference; lastKnownFileType = text.plist.xml; path = Info.plist; sourceTree = "<group>"; };
		C57C0C431FCBB3C00072EF74 /* DateTimeHelper.h */ = {isa = PBXFileReference; fileEncoding = 4; lastKnownFileType = sourcecode.c.h; path = DateTimeHelper.h; sourceTree = "<group>"; };
		C57C0C441FCBB3C00072EF74 /* DateTimeHelper.m */ = {isa = PBXFileReference; fileEncoding = 4; lastKnownFileType = sourcecode.c.objc; path = DateTimeHelper.m; sourceTree = "<group>"; };
/* End PBXFileReference section */

/* Begin PBXFrameworksBuildPhase section */
		C57C0C091FCBB3A70072EF74 /* Frameworks */ = {
			isa = PBXFrameworksBuildPhase;
			buildActionMask = 2147483647;
			files = (
			);
			runOnlyForDeploymentPostprocessing = 0;
		};
		C57C0C221FCBB3A70072EF74 /* Frameworks */ = {
			isa = PBXFrameworksBuildPhase;
			buildActionMask = 2147483647;
			files = (
			);
			runOnlyForDeploymentPostprocessing = 0;
		};
		C57C0C2D1FCBB3A70072EF74 /* Frameworks */ = {
			isa = PBXFrameworksBuildPhase;
			buildActionMask = 2147483647;
			files = (
			);
			runOnlyForDeploymentPostprocessing = 0;
		};
/* End PBXFrameworksBuildPhase section */

/* Begin PBXGroup section */
		C57C0C031FCBB3A70072EF74 = {
			isa = PBXGroup;
			children = (
				C57C0C0E1FCBB3A70072EF74 /* DateTimeHelper */,
				C57C0C281FCBB3A70072EF74 /* DateTimeHelperTests */,
				C57C0C331FCBB3A70072EF74 /* DateTimeHelperUITests */,
				C57C0C0D1FCBB3A70072EF74 /* Products */,
			);
			sourceTree = "<group>";
		};
		C57C0C0D1FCBB3A70072EF74 /* Products */ = {
			isa = PBXGroup;
			children = (
				C57C0C0C1FCBB3A70072EF74 /* DateTimeHelper.app */,
				C57C0C251FCBB3A70072EF74 /* DateTimeHelperTests.xctest */,
				C57C0C301FCBB3A70072EF74 /* DateTimeHelperUITests.xctest */,
			);
			name = Products;
			sourceTree = "<group>";
		};
		C57C0C0E1FCBB3A70072EF74 /* DateTimeHelper */ = {
			isa = PBXGroup;
			children = (
				C57C0C421FCBB3B50072EF74 /* DateTimeHelper */,
				C57C0C121FCBB3A70072EF74 /* AppDelegate.h */,
				C57C0C131FCBB3A70072EF74 /* AppDelegate.m */,
				C57C0C151FCBB3A70072EF74 /* ViewController.h */,
				C57C0C161FCBB3A70072EF74 /* ViewController.m */,
				C57C0C181FCBB3A70072EF74 /* Main.storyboard */,
				C57C0C1B1FCBB3A70072EF74 /* Assets.xcassets */,
				C57C0C1D1FCBB3A70072EF74 /* LaunchScreen.storyboard */,
				C57C0C201FCBB3A70072EF74 /* Info.plist */,
				C57C0C0F1FCBB3A70072EF74 /* Supporting Files */,
			);
			path = DateTimeHelper;
			sourceTree = "<group>";
		};
		C57C0C0F1FCBB3A70072EF74 /* Supporting Files */ = {
			isa = PBXGroup;
			children = (
				C57C0C101FCBB3A70072EF74 /* main.m */,
			);
			name = "Supporting Files";
			sourceTree = "<group>";
		};
		C57C0C281FCBB3A70072EF74 /* DateTimeHelperTests */ = {
			isa = PBXGroup;
			children = (
				C57C0C291FCBB3A70072EF74 /* DateTimeHelperTests.m */,
				C57C0C2B1FCBB3A70072EF74 /* Info.plist */,
			);
			path = DateTimeHelperTests;
			sourceTree = "<group>";
		};
		C57C0C331FCBB3A70072EF74 /* DateTimeHelperUITests */ = {
			isa = PBXGroup;
			children = (
				C57C0C341FCBB3A70072EF74 /* DateTimeHelperUITests.m */,
				C57C0C361FCBB3A70072EF74 /* Info.plist */,
			);
			path = DateTimeHelperUITests;
			sourceTree = "<group>";
		};
		C57C0C421FCBB3B50072EF74 /* DateTimeHelper */ = {
			isa = PBXGroup;
			children = (
				C57C0C431FCBB3C00072EF74 /* DateTimeHelper.h */,
				C57C0C441FCBB3C00072EF74 /* DateTimeHelper.m */,
			);
			path = DateTimeHelper;
			sourceTree = "<group>";
		};
/* End PBXGroup section */

/* Begin PBXNativeTarget section */
		C57C0C0B1FCBB3A70072EF74 /* DateTimeHelper */ = {
			isa = PBXNativeTarget;
			buildConfigurationList = C57C0C391FCBB3A70072EF74 /* Build configuration list for PBXNativeTarget "DateTimeHelper" */;
			buildPhases = (
				C57C0C081FCBB3A70072EF74 /* Sources */,
				C57C0C091FCBB3A70072EF74 /* Frameworks */,
				C57C0C0A1FCBB3A70072EF74 /* Resources */,
			);
			buildRules = (
			);
			dependencies = (
			);
			name = DateTimeHelper;
			productName = DateTimeHelper;
			productReference = C57C0C0C1FCBB3A70072EF74 /* DateTimeHelper.app */;
			productType = "com.apple.product-type.application";
		};
		C57C0C241FCBB3A70072EF74 /* DateTimeHelperTests */ = {
			isa = PBXNativeTarget;
			buildConfigurationList = C57C0C3C1FCBB3A70072EF74 /* Build configuration list for PBXNativeTarget "DateTimeHelperTests" */;
			buildPhases = (
				C57C0C211FCBB3A70072EF74 /* Sources */,
				C57C0C221FCBB3A70072EF74 /* Frameworks */,
				C57C0C231FCBB3A70072EF74 /* Resources */,
			);
			buildRules = (
			);
			dependencies = (
				C57C0C271FCBB3A70072EF74 /* PBXTargetDependency */,
			);
			name = DateTimeHelperTests;
			productName = DateTimeHelperTests;
			productReference = C57C0C251FCBB3A70072EF74 /* DateTimeHelperTests.xctest */;
			productType = "com.apple.product-type.bundle.unit-test";
		};
		C57C0C2F1FCBB3A70072EF74 /* DateTimeHelperUITests */ = {
			isa = PBXNativeTarget;
			buildConfigurationList = C57C0C3F1FCBB3A70072EF74 /* Build configuration list for PBXNativeTarget "DateTimeHelperUITests" */;
			buildPhases = (
				C57C0C2C1FCBB3A70072EF74 /* Sources */,
				C57C0C2D1FCBB3A70072EF74 /* Frameworks */,
				C57C0C2E1FCBB3A70072EF74 /* Resources */,
			);
			buildRules = (
			);
			dependencies = (
				C57C0C321FCBB3A70072EF74 /* PBXTargetDependency */,
			);
			name = DateTimeHelperUITests;
			productName = DateTimeHelperUITests;
			productReference = C57C0C301FCBB3A70072EF74 /* DateTimeHelperUITests.xctest */;
			productType = "com.apple.product-type.bundle.ui-testing";
		};
/* End PBXNativeTarget section */

/* Begin PBXProject section */
		C57C0C041FCBB3A70072EF74 /* Project object */ = {
			isa = PBXProject;
			attributes = {
				LastUpgradeCheck = 0830;
				ORGANIZATIONNAME = "沈增光";
				TargetAttributes = {
					C57C0C0B1FCBB3A70072EF74 = {
						CreatedOnToolsVersion = 8.3.3;
						ProvisioningStyle = Automatic;
					};
					C57C0C241FCBB3A70072EF74 = {
						CreatedOnToolsVersion = 8.3.3;
						ProvisioningStyle = Automatic;
						TestTargetID = C57C0C0B1FCBB3A70072EF74;
					};
					C57C0C2F1FCBB3A70072EF74 = {
						CreatedOnToolsVersion = 8.3.3;
						ProvisioningStyle = Automatic;
						TestTargetID = C57C0C0B1FCBB3A70072EF74;
					};
				};
			};
			buildConfigurationList = C57C0C071FCBB3A70072EF74 /* Build configuration list for PBXProject "DateTimeHelper" */;
			compatibilityVersion = "Xcode 3.2";
			developmentRegion = English;
			hasScannedForEncodings = 0;
			knownRegions = (
				en,
				Base,
			);
			mainGroup = C57C0C031FCBB3A70072EF74;
			productRefGroup = C57C0C0D1FCBB3A70072EF74 /* Products */;
			projectDirPath = "";
			projectRoot = "";
			targets = (
				C57C0C0B1FCBB3A70072EF74 /* DateTimeHelper */,
				C57C0C241FCBB3A70072EF74 /* DateTimeHelperTests */,
				C57C0C2F1FCBB3A70072EF74 /* DateTimeHelperUITests */,
			);
		};
/* End PBXProject section */

/* Begin PBXResourcesBuildPhase section */
		C57C0C0A1FCBB3A70072EF74 /* Resources */ = {
			isa = PBXResourcesBuildPhase;
			buildActionMask = 2147483647;
			files = (
				C57C0C1F1FCBB3A70072EF74 /* LaunchScreen.storyboard in Resources */,
				C57C0C1C1FCBB3A70072EF74 /* Assets.xcassets in Resources */,
				C57C0C1A1FCBB3A70072EF74 /* Main.storyboard in Resources */,
			);
			runOnlyForDeploymentPostprocessing = 0;
		};
		C57C0C231FCBB3A70072EF74 /* Resources */ = {
			isa = PBXResourcesBuildPhase;
			buildActionMask = 2147483647;
			files = (
			);
			runOnlyForDeploymentPostprocessing = 0;
		};
		C57C0C2E1FCBB3A70072EF74 /* Resources */ = {
			isa = PBXResourcesBuildPhase;
			buildActionMask = 2147483647;
			files = (
			);
			runOnlyForDeploymentPostprocessing = 0;
		};
/* End PBXResourcesBuildPhase section */

/* Begin PBXSourcesBuildPhase section */
		C57C0C081FCBB3A70072EF74 /* Sources */ = {
			isa = PBXSourcesBuildPhase;
			buildActionMask = 2147483647;
			files = (
				C57C0C451FCBB3C00072EF74 /* DateTimeHelper.m in Sources */,
				C57C0C171FCBB3A70072EF74 /* ViewController.m in Sources */,
				C57C0C141FCBB3A70072EF74 /* AppDelegate.m in Sources */,
				C57C0C111FCBB3A70072EF74 /* main.m in Sources */,
			);
			runOnlyForDeploymentPostprocessing = 0;
		};
		C57C0C211FCBB3A70072EF74 /* Sources */ = {
			isa = PBXSourcesBuildPhase;
			buildActionMask = 2147483647;
			files = (
				C57C0C2A1FCBB3A70072EF74 /* DateTimeHelperTests.m in Sources */,
			);
			runOnlyForDeploymentPostprocessing = 0;
		};
		C57C0C2C1FCBB3A70072EF74 /* Sources */ = {
			isa = PBXSourcesBuildPhase;
			buildActionMask = 2147483647;
			files = (
				C57C0C351FCBB3A70072EF74 /* DateTimeHelperUITests.m in Sources */,
			);
			runOnlyForDeploymentPostprocessing = 0;
		};
/* End PBXSourcesBuildPhase section */

/* Begin PBXTargetDependency section */
		C57C0C271FCBB3A70072EF74 /* PBXTargetDependency */ = {
			isa = PBXTargetDependency;
			target = C57C0C0B1FCBB3A70072EF74 /* DateTimeHelper */;
			targetProxy = C57C0C261FCBB3A70072EF74 /* PBXContainerItemProxy */;
		};
		C57C0C321FCBB3A70072EF74 /* PBXTargetDependency */ = {
			isa = PBXTargetDependency;
			target = C57C0C0B1FCBB3A70072EF74 /* DateTimeHelper */;
			targetProxy = C57C0C311FCBB3A70072EF74 /* PBXContainerItemProxy */;
		};
/* End PBXTargetDependency section */

/* Begin PBXVariantGroup section */
		C57C0C181FCBB3A70072EF74 /* Main.storyboard */ = {
			isa = PBXVariantGroup;
			children = (
				C57C0C191FCBB3A70072EF74 /* Base */,
			);
			name = Main.storyboard;
			sourceTree = "<group>";
		};
		C57C0C1D1FCBB3A70072EF74 /* LaunchScreen.storyboard */ = {
			isa = PBXVariantGroup;
			children = (
				C57C0C1E1FCBB3A70072EF74 /* Base */,
			);
			name = LaunchScreen.storyboard;
			sourceTree = "<group>";
		};
/* End PBXVariantGroup section */

/* Begin XCBuildConfiguration section */
		C57C0C371FCBB3A70072EF74 /* Debug */ = {
			isa = XCBuildConfiguration;
			buildSettings = {
				ALWAYS_SEARCH_USER_PATHS = NO;
				CLANG_ANALYZER_NONNULL = YES;
				CLANG_ANALYZER_NUMBER_OBJECT_CONVERSION = YES_AGGRESSIVE;
				CLANG_CXX_LANGUAGE_STANDARD = "gnu++0x";
				CLANG_CXX_LIBRARY = "libc++";
				CLANG_ENABLE_MODULES = YES;
				CLANG_ENABLE_OBJC_ARC = YES;
				CLANG_WARN_BOOL_CONVERSION = YES;
				CLANG_WARN_CONSTANT_CONVERSION = YES;
				CLANG_WARN_DIRECT_OBJC_ISA_USAGE = YES_ERROR;
				CLANG_WARN_DOCUMENTATION_COMMENTS = YES;
				CLANG_WARN_EMPTY_BODY = YES;
				CLANG_WARN_ENUM_CONVERSION = YES;
				CLANG_WARN_INFINITE_RECURSION = YES;
				CLANG_WARN_INT_CONVERSION = YES;
				CLANG_WARN_OBJC_ROOT_CLASS = YES_ERROR;
				CLANG_WARN_SUSPICIOUS_MOVE = YES;
				CLANG_WARN_UNREACHABLE_CODE = YES;
				CLANG_WARN__DUPLICATE_METHOD_MATCH = YES;
				"CODE_SIGN_IDENTITY[sdk=iphoneos*]" = "iPhone Developer";
				COPY_PHASE_STRIP = NO;
				DEBUG_INFORMATION_FORMAT = dwarf;
				ENABLE_STRICT_OBJC_MSGSEND = YES;
				ENABLE_TESTABILITY = YES;
				GCC_C_LANGUAGE_STANDARD = gnu99;
				GCC_DYNAMIC_NO_PIC = NO;
				GCC_NO_COMMON_BLOCKS = YES;
				GCC_OPTIMIZATION_LEVEL = 0;
				GCC_PREPROCESSOR_DEFINITIONS = (
					"DEBUG=1",
					"$(inherited)",
				);
				GCC_WARN_64_TO_32_BIT_CONVERSION = YES;
				GCC_WARN_ABOUT_RETURN_TYPE = YES_ERROR;
				GCC_WARN_UNDECLARED_SELECTOR = YES;
				GCC_WARN_UNINITIALIZED_AUTOS = YES_AGGRESSIVE;
				GCC_WARN_UNUSED_FUNCTION = YES;
				GCC_WARN_UNUSED_VARIABLE = YES;
				IPHONEOS_DEPLOYMENT_TARGET = 10.3;
				MTL_ENABLE_DEBUG_INFO = YES;
				ONLY_ACTIVE_ARCH = YES;
				SDKROOT = iphoneos;
				TARGETED_DEVICE_FAMILY = "1,2";
			};
			name = Debug;
		};
		C57C0C381FCBB3A70072EF74 /* Release */ = {
			isa = XCBuildConfiguration;
			buildSettings = {
				ALWAYS_SEARCH_USER_PATHS = NO;
				CLANG_ANALYZER_NONNULL = YES;
				CLANG_ANALYZER_NUMBER_OBJECT_CONVERSION = YES_AGGRESSIVE;
				CLANG_CXX_LANGUAGE_STANDARD = "gnu++0x";
				CLANG_CXX_LIBRARY = "libc++";
				CLANG_ENABLE_MODULES = YES;
				CLANG_ENABLE_OBJC_ARC = YES;
				CLANG_WARN_BOOL_CONVERSION = YES;
				CLANG_WARN_CONSTANT_CONVERSION = YES;
				CLANG_WARN_DIRECT_OBJC_ISA_USAGE = YES_ERROR;
				CLANG_WARN_DOCUMENTATION_COMMENTS = YES;
				CLANG_WARN_EMPTY_BODY = YES;
				CLANG_WARN_ENUM_CONVERSION = YES;
				CLANG_WARN_INFINITE_RECURSION = YES;
				CLANG_WARN_INT_CONVERSION = YES;
				CLANG_WARN_OBJC_ROOT_CLASS = YES_ERROR;
				CLANG_WARN_SUSPICIOUS_MOVE = YES;
				CLANG_WARN_UNREACHABLE_CODE = YES;
				CLANG_WARN__DUPLICATE_METHOD_MATCH = YES;
				"CODE_SIGN_IDENTITY[sdk=iphoneos*]" = "iPhone Developer";
				COPY_PHASE_STRIP = NO;
				DEBUG_INFORMATION_FORMAT = "dwarf-with-dsym";
				ENABLE_NS_ASSERTIONS = NO;
				ENABLE_STRICT_OBJC_MSGSEND = YES;
				GCC_C_LANGUAGE_STANDARD = gnu99;
				GCC_NO_COMMON_BLOCKS = YES;
				GCC_WARN_64_TO_32_BIT_CONVERSION = YES;
				GCC_WARN_ABOUT_RETURN_TYPE = YES_ERROR;
				GCC_WARN_UNDECLARED_SELECTOR = YES;
				GCC_WARN_UNINITIALIZED_AUTOS = YES_AGGRESSIVE;
				GCC_WARN_UNUSED_FUNCTION = YES;
				GCC_WARN_UNUSED_VARIABLE = YES;
				IPHONEOS_DEPLOYMENT_TARGET = 10.3;
				MTL_ENABLE_DEBUG_INFO = NO;
				SDKROOT = iphoneos;
				TARGETED_DEVICE_FAMILY = "1,2";
				VALIDATE_PRODUCT = YES;
			};
			name = Release;
		};
		C57C0C3A1FCBB3A70072EF74 /* Debug */ = {
			isa = XCBuildConfiguration;
			buildSettings = {
				ASSETCATALOG_COMPILER_APPICON_NAME = AppIcon;
				INFOPLIST_FILE = DateTimeHelper/Info.plist;
				LD_RUNPATH_SEARCH_PATHS = "$(inherited) @executable_path/Frameworks";
				PRODUCT_BUNDLE_IDENTIFIER = com.shen13.DateTimeHelper;
				PRODUCT_NAME = "$(TARGET_NAME)";
			};
			name = Debug;
		};
		C57C0C3B1FCBB3A70072EF74 /* Release */ = {
			isa = XCBuildConfiguration;
			buildSettings = {
				ASSETCATALOG_COMPILER_APPICON_NAME = AppIcon;
				INFOPLIST_FILE = DateTimeHelper/Info.plist;
				LD_RUNPATH_SEARCH_PATHS = "$(inherited) @executable_path/Frameworks";
				PRODUCT_BUNDLE_IDENTIFIER = com.shen13.DateTimeHelper;
				PRODUCT_NAME = "$(TARGET_NAME)";
			};
			name = Release;
		};
		C57C0C3D1FCBB3A70072EF74 /* Debug */ = {
			isa = XCBuildConfiguration;
			buildSettings = {
				BUNDLE_LOADER = "$(TEST_HOST)";
				INFOPLIST_FILE = DateTimeHelperTests/Info.plist;
				LD_RUNPATH_SEARCH_PATHS = "$(inherited) @executable_path/Frameworks @loader_path/Frameworks";
				PRODUCT_BUNDLE_IDENTIFIER = com.shen13.DateTimeHelperTests;
				PRODUCT_NAME = "$(TARGET_NAME)";
				TEST_HOST = "$(BUILT_PRODUCTS_DIR)/DateTimeHelper.app/DateTimeHelper";
			};
			name = Debug;
		};
		C57C0C3E1FCBB3A70072EF74 /* Release */ = {
			isa = XCBuildConfiguration;
			buildSettings = {
				BUNDLE_LOADER = "$(TEST_HOST)";
				INFOPLIST_FILE = DateTimeHelperTests/Info.plist;
				LD_RUNPATH_SEARCH_PATHS = "$(inherited) @executable_path/Frameworks @loader_path/Frameworks";
				PRODUCT_BUNDLE_IDENTIFIER = com.shen13.DateTimeHelperTests;
				PRODUCT_NAME = "$(TARGET_NAME)";
				TEST_HOST = "$(BUILT_PRODUCTS_DIR)/DateTimeHelper.app/DateTimeHelper";
			};
			name = Release;
		};
		C57C0C401FCBB3A70072EF74 /* Debug */ = {
			isa = XCBuildConfiguration;
			buildSettings = {
				INFOPLIST_FILE = DateTimeHelperUITests/Info.plist;
				LD_RUNPATH_SEARCH_PATHS = "$(inherited) @executable_path/Frameworks @loader_path/Frameworks";
				PRODUCT_BUNDLE_IDENTIFIER = com.shen13.DateTimeHelperUITests;
				PRODUCT_NAME = "$(TARGET_NAME)";
				TEST_TARGET_NAME = DateTimeHelper;
			};
			name = Debug;
		};
		C57C0C411FCBB3A70072EF74 /* Release */ = {
			isa = XCBuildConfiguration;
			buildSettings = {
				INFOPLIST_FILE = DateTimeHelperUITests/Info.plist;
				LD_RUNPATH_SEARCH_PATHS = "$(inherited) @executable_path/Frameworks @loader_path/Frameworks";
				PRODUCT_BUNDLE_IDENTIFIER = com.shen13.DateTimeHelperUITests;
				PRODUCT_NAME = "$(TARGET_NAME)";
				TEST_TARGET_NAME = DateTimeHelper;
			};
			name = Release;
		};
/* End XCBuildConfiguration section */

/* Begin XCConfigurationList section */
		C57C0C071FCBB3A70072EF74 /* Build configuration list for PBXProject "DateTimeHelper" */ = {
			isa = XCConfigurationList;
			buildConfigurations = (
				C57C0C371FCBB3A70072EF74 /* Debug */,
				C57C0C381FCBB3A70072EF74 /* Release */,
			);
			defaultConfigurationIsVisible = 0;
			defaultConfigurationName = Release;
		};
		C57C0C391FCBB3A70072EF74 /* Build configuration list for PBXNativeTarget "DateTimeHelper" */ = {
			isa = XCConfigurationList;
			buildConfigurations = (
				C57C0C3A1FCBB3A70072EF74 /* Debug */,
				C57C0C3B1FCBB3A70072EF74 /* Release */,
			);
			defaultConfigurationIsVisible = 0;
		};
		C57C0C3C1FCBB3A70072EF74 /* Build configuration list for PBXNativeTarget "DateTimeHelperTests" */ = {
			isa = XCConfigurationList;
			buildConfigurations = (
				C57C0C3D1FCBB3A70072EF74 /* Debug */,
				C57C0C3E1FCBB3A70072EF74 /* Release */,
			);
			defaultConfigurationIsVisible = 0;
		};
		C57C0C3F1FCBB3A70072EF74 /* Build configuration list for PBXNativeTarget "DateTimeHelperUITests" */ = {
			isa = XCConfigurationList;
			buildConfigurations = (
				C57C0C401FCBB3A70072EF74 /* Debug */,
				C57C0C411FCBB3A70072EF74 /* Release */,
			);
			defaultConfigurationIsVisible = 0;
		};
/* End XCConfigurationList section */
	};
	rootObject = C57C0C041FCBB3A70072EF74 /* Project object */;
}
